
Microsoft Visual Studio Solution File, Format Version 12.00
# Visual Studio Version 16
VisualStudioVersion = 16.0.30204.135
MinimumVisualStudioVersion = 10.0.40219.1
Project("{FAE04EC0-301F-11D3-BF4B-00C04F79EFBC}") = "shop-asp-mvc", "shop-asp-mvc\shop-asp-mvc.csproj", "{7339208B-15AC-4B71-9722-49DC90B83A6F}"
EndProject
Project("{FAE04EC0-301F-11D3-BF4B-00C04F79EFBC}") = "shop-asp-mvc.Tests", "shop-asp-mvc.Tests\shop-asp-mvc.Tests.csproj", "{9631ACAB-B97E-487B-B268-C97E423E2AD9}"
EndProject
Global
	GlobalSection(SolutionConfigurationPlatforms) = preSolution
		Debug|Any CPU = Debug|Any CPU
		Release|Any CPU = Release|Any CPU
	EndGlobalSection
	GlobalSection(ProjectConfigurationPlatforms) = postSolution
		{7339208B-15AC-4B71-9722-49DC90B83A6F}.Debug|Any CPU.ActiveCfg = Debug|Any CPU
		{7339208B-15AC-4B71-9722-49DC90B83A6F}.Debug|Any CPU.Build.0 = Debug|Any CPU
		{7339208B-15AC-4B71-9722-49DC90B83A6F}.Release|Any CPU.ActiveCfg = Release|Any CPU
		{7339208B-15AC-4B71-9722-49DC90B83A6F}.Release|Any CPU.Build.0 = Release|Any CPU
		{9631ACAB-B97E-487B-B268-C97E423E2AD9}.Debug|Any CPU.ActiveCfg = Debug|Any CPU
		{9631ACAB-B97E-487B-B268-C97E423E2AD9}.Debug|Any CPU.Build.0 = Debug|Any CPU
		{9631ACAB-B97E-487B-B268-C97E423E2AD9}.Release|Any CPU.ActiveCfg = Release|Any CPU
		{9631ACAB-B97E-487B-B268-C97E423E2AD9}.Release|Any CPU.Build.0 = Release|Any CPU
	EndGlobalSection
	GlobalSection(SolutionProperties) = preSolution
		HideSolutionNode = FALSE
	EndGlobalSection
	GlobalSection(ExtensibilityGlobals) = postSolution
		SolutionGuid = {0EBC0BCF-BE6A-4C72-AB3F-0022D75C83B3}
	EndGlobalSection
EndGlobal
